// !$*UTF8*$!
{
	archiveVersion = 1;
	classes = {
	};
	objectVersion = 46;
	objects = {

/* Begin PBXBuildFile section */
		1D3623260D0F684500981E51 /* NavAppDelegate.m in Sources */ = {isa = PBXBuildFile; fileRef = 1D3623250D0F684500981E51 /* NavAppDelegate.m */; };
		1D60589B0D05DD56006BFB54 /* main.m in Sources */ = {isa = PBXBuildFile; fileRef = 29B97316FDCFA39411CA2CEA /* main.m */; };
		1D60589F0D05DD5A006BFB54 /* Foundation.framework in Frameworks */ = {isa = PBXBuildFile; fileRef = 1D30AB110D05D00D00671497 /* Foundation.framework */; };
		1DF5F4E00D08C38300B7A737 /* UIKit.framework in Frameworks */ = {isa = PBXBuildFile; fileRef = 1DF5F4DF0D08C38300B7A737 /* UIKit.framework */; };
		288765FD0DF74451002DB57D /* CoreGraphics.framework in Frameworks */ = {isa = PBXBuildFile; fileRef = 288765FC0DF74451002DB57D /* CoreGraphics.framework */; };
		28AD733F0D9D9553002E5188 /* MainWindow.xib in Resources */ = {isa = PBXBuildFile; fileRef = 28AD733E0D9D9553002E5188 /* MainWindow.xib */; };
		C415BE6B109A3C5E00C9C283 /* CheckListController.m in Sources */ = {isa = PBXBuildFile; fileRef = C415BE6A109A3C5E00C9C283 /* CheckListController.m */; };
		C41FCEB8109E436D006D51EA /* MoveMeController.m in Sources */ = {isa = PBXBuildFile; fileRef = C41FCEB7109E436D006D51EA /* MoveMeController.m */; };
		C48BBA801094D62700888FF6 /* DisclosureButtonController.m in Sources */ = {isa = PBXBuildFile; fileRef = C48BBA7F1094D62700888FF6 /* DisclosureButtonController.m */; };
		C48BBAA91094EF5F00888FF6 /* DisclosureDetailController.m in Sources */ = {isa = PBXBuildFile; fileRef = C48BBAA81094EF5F00888FF6 /* DisclosureDetailController.m */; };
		C48BBAAB1094F27600888FF6 /* DisclosureDetail.xib in Resources */ = {isa = PBXBuildFile; fileRef = C48BBAAA1094F27600888FF6 /* DisclosureDetail.xib */; };
		C4C8DCAF107B55F7009E933D /* FirstLevelViewController.m in Sources */ = {isa = PBXBuildFile; fileRef = C4C8DCAE107B55F7009E933D /* FirstLevelViewController.m */; };
		C4C8DCB3107B5FD7009E933D /* SecondLevelViewController.m in Sources */ = {isa = PBXBuildFile; fileRef = C4C8DCB2107B5FD7009E933D /* SecondLevelViewController.m */; };
		C4C8DCC2107B8242009E933D /* button_down.png in Resources */ = {isa = PBXBuildFile; fileRef = C4C8DCBA107B8242009E933D /* button_down.png */; };
		C4C8DCC3107B8242009E933D /* button_up.png in Resources */ = {isa = PBXBuildFile; fileRef = C4C8DCBB107B8242009E933D /* button_up.png */; };
		C4C8DCC4107B8242009E933D /* checkmarkControllerIcon.png in Resources */ = {isa = PBXBuildFile; fileRef = C4C8DCBC107B8242009E933D /* checkmarkControllerIcon.png */; };
		C4C8DCC5107B8242009E933D /* deleteMeIcon.png in Resources */ = {isa = PBXBuildFile; fileRef = C4C8DCBD107B8242009E933D /* deleteMeIcon.png */; };
		C4C8DCC6107B8242009E933D /* detailEditIcon.png in Resources */ = {isa = PBXBuildFile; fileRef = C4C8DCBE107B8242009E933D /* detailEditIcon.png */; };
		C4C8DCC7107B8242009E933D /* disclosureButtonControllerIcon.png in Resources */ = {isa = PBXBuildFile; fileRef = C4C8DCBF107B8242009E933D /* disclosureButtonControllerIcon.png */; };
		C4C8DCC8107B8242009E933D /* moveMeIcon.png in Resources */ = {isa = PBXBuildFile; fileRef = C4C8DCC0107B8242009E933D /* moveMeIcon.png */; };
		C4C8DCC9107B8242009E933D /* rowControlsIcon.png in Resources */ = {isa = PBXBuildFile; fileRef = C4C8DCC1107B8242009E933D /* rowControlsIcon.png */; };
		C4C9398F109AF7A2009470D3 /* RowControlsController.m in Sources */ = {isa = PBXBuildFile; fileRef = C4C9398E109AF7A2009470D3 /* RowControlsController.m */; };
		C4F32EE61097A6AF005F0FFC /* .gitignore in Resources */ = {isa = PBXBuildFile; fileRef = C4F32EE51097A6AF005F0FFC /* .gitignore */; };
/* End PBXBuildFile section */

/* Begin PBXFileReference section */
		1D30AB110D05D00D00671497 /* Foundation.framework */ = {isa = PBXFileReference; lastKnownFileType = wrapper.framework; name = Foundation.framework; path = System/Library/Frameworks/Foundation.framework; sourceTree = SDKROOT; };
		1D3623240D0F684500981E51 /* NavAppDelegate.h */ = {isa = PBXFileReference; fileEncoding = 4; lastKnownFileType = sourcecode.c.h; path = NavAppDelegate.h; sourceTree = "<group>"; };
		1D3623250D0F684500981E51 /* NavAppDelegate.m */ = {isa = PBXFileReference; fileEncoding = 4; lastKnownFileType = sourcecode.c.objc; path = NavAppDelegate.m; sourceTree = "<group>"; };
		1D6058910D05DD3D006BFB54 /* Nav.app */ = {isa = PBXFileReference; explicitFileType = wrapper.application; includeInIndex = 0; path = Nav.app; sourceTree = BUILT_PRODUCTS_DIR; };
		1DF5F4DF0D08C38300B7A737 /* UIKit.framework */ = {isa = PBXFileReference; lastKnownFileType = wrapper.framework; name = UIKit.framework; path = System/Library/Frameworks/UIKit.framework; sourceTree = SDKROOT; };
		288765FC0DF74451002DB57D /* CoreGraphics.framework */ = {isa = PBXFileReference; lastKnownFileType = wrapper.framework; name = CoreGraphics.framework; path = System/Library/Frameworks/CoreGraphics.framework; sourceTree = SDKROOT; };
		28AD733E0D9D9553002E5188 /* MainWindow.xib */ = {isa = PBXFileReference; lastKnownFileType = file.xib; path = MainWindow.xib; sourceTree = "<group>"; };
		29B97316FDCFA39411CA2CEA /* main.m */ = {isa = PBXFileReference; fileEncoding = 4; lastKnownFileType = sourcecode.c.objc; path = main.m; sourceTree = "<group>"; };
		32CA4F630368D1EE00C91783 /* Nav_Prefix.pch */ = {isa = PBXFileReference; fileEncoding = 4; lastKnownFileType = sourcecode.c.h; path = Nav_Prefix.pch; sourceTree = "<group>"; };
		8D1107310486CEB800E47090 /* Nav-Info.plist */ = {isa = PBXFileReference; fileEncoding = 4; lastKnownFileType = text.plist.xml; path = "Nav-Info.plist"; plistStructureDefinitionIdentifier = "com.apple.xcode.plist.structure-definition.iphone.info-plist"; sourceTree = "<group>"; };
		C415BE69109A3C5E00C9C283 /* CheckListController.h */ = {isa = PBXFileReference; fileEncoding = 4; lastKnownFileType = sourcecode.c.h; path = CheckListController.h; sourceTree = "<group>"; };
		C415BE6A109A3C5E00C9C283 /* CheckListController.m */ = {isa = PBXFileReference; fileEncoding = 4; lastKnownFileType = sourcecode.c.objc; path = CheckListController.m; sourceTree = "<group>"; };
		C41FCEB6109E436D006D51EA /* MoveMeController.h */ = {isa = PBXFileReference; fileEncoding = 4; lastKnownFileType = sourcecode.c.h; path = MoveMeController.h; sourceTree = "<group>"; };
		C41FCEB7109E436D006D51EA /* MoveMeController.m */ = {isa = PBXFileReference; fileEncoding = 4; lastKnownFileType = sourcecode.c.objc; path = MoveMeController.m; sourceTree = "<group>"; };
		C48BBA7E1094D62700888FF6 /* DisclosureButtonController.h */ = {isa = PBXFileReference; fileEncoding = 4; lastKnownFileType = sourcecode.c.h; path = DisclosureButtonController.h; sourceTree = "<group>"; };
		C48BBA7F1094D62700888FF6 /* DisclosureButtonController.m */ = {isa = PBXFileReference; fileEncoding = 4; lastKnownFileType = sourcecode.c.objc; path = DisclosureButtonController.m; sourceTree = "<group>"; };
		C48BBAA71094EF5F00888FF6 /* DisclosureDetailController.h */ = {isa = PBXFileReference; fileEncoding = 4; lastKnownFileType = sourcecode.c.h; path = DisclosureDetailController.h; sourceTree = "<group>"; };
		C48BBAA81094EF5F00888FF6 /* DisclosureDetailController.m */ = {isa = PBXFileReference; fileEncoding = 4; lastKnownFileType = sourcecode.c.objc; path = DisclosureDetailController.m; sourceTree = "<group>"; };
		C48BBAAA1094F27600888FF6 /* DisclosureDetail.xib */ = {isa = PBXFileReference; lastKnownFileType = file.xib; path = DisclosureDetail.xib; sourceTree = "<group>"; };
		C4C8DCAD107B55F7009E933D /* FirstLevelViewController.h */ = {isa = PBXFileReference; fileEncoding = 4; lastKnownFileType = sourcecode.c.h; path = FirstLevelViewController.h; sourceTree = "<group>"; };
		C4C8DCAE107B55F7009E933D /* FirstLevelViewController.m */ = {isa = PBXFileReference; fileEncoding = 4; lastKnownFileType = sourcecode.c.objc; path = FirstLevelViewController.m; sourceTree = "<group>"; };
		C4C8DCB1107B5FD7009E933D /* SecondLevelViewController.h */ = {isa = PBXFileReference; fileEncoding = 4; lastKnownFileType = sourcecode.c.h; path = SecondLevelViewController.h; sourceTree = "<group>"; };
		C4C8DCB2107B5FD7009E933D /* SecondLevelViewController.m */ = {isa = PBXFileReference; fileEncoding = 4; lastKnownFileType = sourcecode.c.objc; path = SecondLevelViewController.m; sourceTree = "<group>"; };
		C4C8DCBA107B8242009E933D /* button_down.png */ = {isa = PBXFileReference; lastKnownFileType = image.png; path = button_down.png; sourceTree = "<group>"; };
		C4C8DCBB107B8242009E933D /* button_up.png */ = {isa = PBXFileReference; lastKnownFileType = image.png; path = button_up.png; sourceTree = "<group>"; };
		C4C8DCBC107B8242009E933D /* checkmarkControllerIcon.png */ = {isa = PBXFileReference; lastKnownFileType = image.png; path = checkmarkControllerIcon.png; sourceTree = "<group>"; };
		C4C8DCBD107B8242009E933D /* deleteMeIcon.png */ = {isa = PBXFileReference; lastKnownFileType = image.png; path = deleteMeIcon.png; sourceTree = "<group>"; };
		C4C8DCBE107B8242009E933D /* detailEditIcon.png */ = {isa = PBXFileReference; lastKnownFileType = image.png; path = detailEditIcon.png; sourceTree = "<group>"; };
		C4C8DCBF107B8242009E933D /* disclosureButtonControllerIcon.png */ = {isa = PBXFileReference; lastKnownFileType = image.png; path = disclosureButtonControllerIcon.png; sourceTree = "<group>"; };
		C4C8DCC0107B8242009E933D /* moveMeIcon.png */ = {isa = PBXFileReference; lastKnownFileType = image.png; path = moveMeIcon.png; sourceTree = "<group>"; };
		C4C8DCC1107B8242009E933D /* rowControlsIcon.png */ = {isa = PBXFileReference; lastKnownFileType = image.png; path = rowControlsIcon.png; sourceTree = "<group>"; };
		C4C9398D109AF7A2009470D3 /* RowControlsController.h */ = {isa = PBXFileReference; fileEncoding = 4; lastKnownFileType = sourcecode.c.h; path = RowControlsController.h; sourceTree = "<group>"; };
		C4C9398E109AF7A2009470D3 /* RowControlsController.m */ = {isa = PBXFileReference; fileEncoding = 4; lastKnownFileType = sourcecode.c.objc; path = RowControlsController.m; sourceTree = "<group>"; };
		C4F32EE51097A6AF005F0FFC /* .gitignore */ = {isa = PBXFileReference; fileEncoding = 4; lastKnownFileType = text; path = .gitignore; sourceTree = "<group>"; };
/* End PBXFileReference section */

/* Begin PBXFrameworksBuildPhase section */
		1D60588F0D05DD3D006BFB54 /* Frameworks */ = {
			isa = PBXFrameworksBuildPhase;
			buildActionMask = 2147483647;
			files = (
				1D60589F0D05DD5A006BFB54 /* Foundation.framework in Frameworks */,
				1DF5F4E00D08C38300B7A737 /* UIKit.framework in Frameworks */,
				288765FD0DF74451002DB57D /* CoreGraphics.framework in Frameworks */,
			);
			runOnlyForDeploymentPostprocessing = 0;
		};
/* End PBXFrameworksBuildPhase section */

/* Begin PBXGroup section */
		080E96DDFE201D6D7F000001 /* Classes */ = {
			isa = PBXGroup;
			children = (
				1D3623240D0F684500981E51 /* NavAppDelegate.h */,
				1D3623250D0F684500981E51 /* NavAppDelegate.m */,
				C4C8DCAD107B55F7009E933D /* FirstLevelViewController.h */,
				C4C8DCAE107B55F7009E933D /* FirstLevelViewController.m */,
				C4C8DCB1107B5FD7009E933D /* SecondLevelViewController.h */,
				C4C8DCB2107B5FD7009E933D /* SecondLevelViewController.m */,
				C48BBA7E1094D62700888FF6 /* DisclosureButtonController.h */,
				C48BBA7F1094D62700888FF6 /* DisclosureButtonController.m */,
				C48BBAA71094EF5F00888FF6 /* DisclosureDetailController.h */,
				C48BBAA81094EF5F00888FF6 /* DisclosureDetailController.m */,
				C415BE69109A3C5E00C9C283 /* CheckListController.h */,
				C415BE6A109A3C5E00C9C283 /* CheckListController.m */,
				C4C9398D109AF7A2009470D3 /* RowControlsController.h */,
				C4C9398E109AF7A2009470D3 /* RowControlsController.m */,
				C41FCEB6109E436D006D51EA /* MoveMeController.h */,
				C41FCEB7109E436D006D51EA /* MoveMeController.m */,
			);
			path = Classes;
			sourceTree = "<group>";
		};
		19C28FACFE9D520D11CA2CBB /* Products */ = {
			isa = PBXGroup;
			children = (
				1D6058910D05DD3D006BFB54 /* Nav.app */,
			);
			name = Products;
			sourceTree = "<group>";
		};
		29B97314FDCFA39411CA2CEA /* CustomTemplate */ = {
			isa = PBXGroup;
			children = (
				080E96DDFE201D6D7F000001 /* Classes */,
				29B97315FDCFA39411CA2CEA /* Other Sources */,
				29B97317FDCFA39411CA2CEA /* Resources */,
				29B97323FDCFA39411CA2CEA /* Frameworks */,
				19C28FACFE9D520D11CA2CBB /* Products */,
				C4F32EE51097A6AF005F0FFC /* .gitignore */,
			);
			name = CustomTemplate;
			sourceTree = "<group>";
		};
		29B97315FDCFA39411CA2CEA /* Other Sources */ = {
			isa = PBXGroup;
			children = (
				32CA4F630368D1EE00C91783 /* Nav_Prefix.pch */,
				29B97316FDCFA39411CA2CEA /* main.m */,
			);
			name = "Other Sources";
			sourceTree = "<group>";
		};
		29B97317FDCFA39411CA2CEA /* Resources */ = {
			isa = PBXGroup;
			children = (
				C4C8DCBA107B8242009E933D /* button_down.png */,
				C4C8DCBB107B8242009E933D /* button_up.png */,
				C4C8DCBC107B8242009E933D /* checkmarkControllerIcon.png */,
				C4C8DCBD107B8242009E933D /* deleteMeIcon.png */,
				C4C8DCBE107B8242009E933D /* detailEditIcon.png */,
				C4C8DCBF107B8242009E933D /* disclosureButtonControllerIcon.png */,
				C4C8DCC0107B8242009E933D /* moveMeIcon.png */,
				C4C8DCC1107B8242009E933D /* rowControlsIcon.png */,
				28AD733E0D9D9553002E5188 /* MainWindow.xib */,
				8D1107310486CEB800E47090 /* Nav-Info.plist */,
				C48BBAAA1094F27600888FF6 /* DisclosureDetail.xib */,
			);
			name = Resources;
			sourceTree = "<group>";
		};
		29B97323FDCFA39411CA2CEA /* Frameworks */ = {
			isa = PBXGroup;
			children = (
				1DF5F4DF0D08C38300B7A737 /* UIKit.framework */,
				1D30AB110D05D00D00671497 /* Foundation.framework */,
				288765FC0DF74451002DB57D /* CoreGraphics.framework */,
			);
			name = Frameworks;
			sourceTree = "<group>";
		};
/* End PBXGroup section */

/* Begin PBXNativeTarget section */
		1D6058900D05DD3D006BFB54 /* Nav */ = {
			isa = PBXNativeTarget;
			buildConfigurationList = 1D6058960D05DD3E006BFB54 /* Build configuration list for PBXNativeTarget "Nav" */;
			buildPhases = (
				1D60588D0D05DD3D006BFB54 /* Resources */,
				1D60588E0D05DD3D006BFB54 /* Sources */,
				1D60588F0D05DD3D006BFB54 /* Frameworks */,
			);
			buildRules = (
			);
			dependencies = (
			);
			name = Nav;
			productName = Nav;
			productReference = 1D6058910D05DD3D006BFB54 /* Nav.app */;
			productType = "com.apple.product-type.application";
		};
/* End PBXNativeTarget section */

/* Begin PBXProject section */
		29B97313FDCFA39411CA2CEA /* Project object */ = {
			isa = PBXProject;
			buildConfigurationList = C01FCF4E08A954540054247B /* Build configuration list for PBXProject "Nav" */;
			compatibilityVersion = "Xcode 3.2";
			hasScannedForEncodings = 1;
			mainGroup = 29B97314FDCFA39411CA2CEA /* CustomTemplate */;
			projectDirPath = "";
			projectRoot = "";
			targets = (
				1D6058900D05DD3D006BFB54 /* Nav */,
			);
		};
/* End PBXProject section */

/* Begin PBXResourcesBuildPhase section */
		1D60588D0D05DD3D006BFB54 /* Resources */ = {
			isa = PBXResourcesBuildPhase;
			buildActionMask = 2147483647;
			files = (
				28AD733F0D9D9553002E5188 /* MainWindow.xib in Resources */,
				C4C8DCC2107B8242009E933D /* button_down.png in Resources */,
				C4C8DCC3107B8242009E933D /* button_up.png in Resources */,
				C4C8DCC4107B8242009E933D /* checkmarkControllerIcon.png in Resources */,
				C4C8DCC5107B8242009E933D /* deleteMeIcon.png in Resources */,
				C4C8DCC6107B8242009E933D /* detailEditIcon.png in Resources */,
				C4C8DCC7107B8242009E933D /* disclosureButtonControllerIcon.png in Resources */,
				C4C8DCC8107B8242009E933D /* moveMeIcon.png in Resources */,
				C4C8DCC9107B8242009E933D /* rowControlsIcon.png in Resources */,
				C48BBAAB1094F27600888FF6 /* DisclosureDetail.xib in Resources */,
				C4F32EE61097A6AF005F0FFC /* .gitignore in Resources */,
			);
			runOnlyForDeploymentPostprocessing = 0;
		};
/* End PBXResourcesBuildPhase section */

/* Begin PBXSourcesBuildPhase section */
		1D60588E0D05DD3D006BFB54 /* Sources */ = {
			isa = PBXSourcesBuildPhase;
			buildActionMask = 2147483647;
			files = (
				1D60589B0D05DD56006BFB54 /* main.m in Sources */,
				1D3623260D0F684500981E51 /* NavAppDelegate.m in Sources */,
				C4C8DCAF107B55F7009E933D /* FirstLevelViewController.m in Sources */,
				C4C8DCB3107B5FD7009E933D /* SecondLevelViewController.m in Sources */,
				C48BBA801094D62700888FF6 /* DisclosureButtonController.m in Sources */,
				C48BBAA91094EF5F00888FF6 /* DisclosureDetailController.m in Sources */,
				C415BE6B109A3C5E00C9C283 /* CheckListController.m in Sources */,
				C4C9398F109AF7A2009470D3 /* RowControlsController.m in Sources */,
				C41FCEB8109E436D006D51EA /* MoveMeController.m in Sources */,
			);
			runOnlyForDeploymentPostprocessing = 0;
		};
/* End PBXSourcesBuildPhase section */

/* Begin XCBuildConfiguration section */
		1D6058940D05DD3E006BFB54 /* Debug */ = {
			isa = XCBuildConfiguration;
			buildSettings = {
				ALWAYS_SEARCH_USER_PATHS = NO;
				COPY_PHASE_STRIP = NO;
				GCC_DYNAMIC_NO_PIC = NO;
				GCC_OPTIMIZATION_LEVEL = 0;
				GCC_PRECOMPILE_PREFIX_HEADER = YES;
				GCC_PREFIX_HEADER = Nav_Prefix.pch;
				INFOPLIST_FILE = "Nav-Info.plist";
				PRODUCT_NAME = Nav;
			};
			name = Debug;
		};
		1D6058950D05DD3E006BFB54 /* Release */ = {
			isa = XCBuildConfiguration;
			buildSettings = {
				ALWAYS_SEARCH_USER_PATHS = NO;
				COPY_PHASE_STRIP = YES;
				GCC_PRECOMPILE_PREFIX_HEADER = YES;
				GCC_PREFIX_HEADER = Nav_Prefix.pch;
				INFOPLIST_FILE = "Nav-Info.plist";
				PRODUCT_NAME = Nav;
			};
			name = Release;
		};
		C01FCF4F08A954540054247B /* Debug */ = {
			isa = XCBuildConfiguration;
			buildSettings = {
				ARCHS = "$(ARCHS_STANDARD_32_BIT)";
				"CODE_SIGN_IDENTITY[sdk=iphoneos*]" = "iPhone Developer";
				GCC_C_LANGUAGE_STANDARD = c99;
				GCC_WARN_ABOUT_RETURN_TYPE = YES;
				GCC_WARN_UNUSED_VARIABLE = YES;
				PREBINDING = NO;
				SDKROOT = iphonesimulator3.1.2;
			};
			name = Debug;
		};
		C01FCF5008A954540054247B /* Release */ = {
			isa = XCBuildConfiguration;
			buildSettings = {
				ARCHS = "$(ARCHS_STANDARD_32_BIT)";
				"CODE_SIGN_IDENTITY[sdk=iphoneos*]" = "iPhone Developer";
				GCC_C_LANGUAGE_STANDARD = c99;
				GCC_WARN_ABOUT_RETURN_TYPE = YES;
				GCC_WARN_UNUSED_VARIABLE = YES;
				PREBINDING = NO;
				SDKROOT = iphonesimulator3.1.2;
			};
			name = Release;
		};
/* End XCBuildConfiguration section */

/* Begin XCConfigurationList section */
		1D6058960D05DD3E006BFB54 /* Build configuration list for PBXNativeTarget "Nav" */ = {
			isa = XCConfigurationList;
			buildConfigurations = (
				1D6058940D05DD3E006BFB54 /* Debug */,
				1D6058950D05DD3E006BFB54 /* Release */,
			);
			defaultConfigurationIsVisible = 0;
			defaultConfigurationName = Release;
		};
		C01FCF4E08A954540054247B /* Build configuration list for PBXProject "Nav" */ = {
			isa = XCConfigurationList;
			buildConfigurations = (
				C01FCF4F08A954540054247B /* Debug */,
				C01FCF5008A954540054247B /* Release */,
			);
			defaultConfigurationIsVisible = 0;
			defaultConfigurationName = Release;
		};
/* End XCConfigurationList section */
	};
	rootObject = 29B97313FDCFA39411CA2CEA /* Project object */;
}
